
Microsoft Visual Studio Solution File, Format Version 12.00
# Visual Studio Version 16
VisualStudioVersion = 16.0.31410.357
MinimumVisualStudioVersion = 10.0.40219.1
Project("{FAE04EC0-301F-11D3-BF4B-00C04F79EFBC}") = "Rephository", "Rephository.csproj", "{314FD704-9D90-4DFD-808C-118255CC53CF}"
EndProject
Global
	GlobalSection(SolutionConfigurationPlatforms) = preSolution
		Debug|Any CPU = Debug|Any CPU
		Release|Any CPU = Release|Any CPU
	EndGlobalSection
	GlobalSection(ProjectConfigurationPlatforms) = postSolution
		{314FD704-9D90-4DFD-808C-118255CC53CF}.Debug|Any CPU.ActiveCfg = Debug|Any CPU
		{314FD704-9D90-4DFD-808C-118255CC53CF}.Debug|Any CPU.Build.0 = Debug|Any CPU
		{314FD704-9D90-4DFD-808C-118255CC53CF}.Release|Any CPU.ActiveCfg = Release|Any CPU
		{314FD704-9D90-4DFD-808C-118255CC53CF}.Release|Any CPU.Build.0 = Release|Any CPU
	EndGlobalSection
	GlobalSection(SolutionProperties) = preSolution
		HideSolutionNode = FALSE
	EndGlobalSection
	GlobalSection(ExtensibilityGlobals) = postSolution
		SolutionGuid = {8202F2E6-7562-4339-9FBE-82AE22ED464C}
	EndGlobalSection
EndGlobal
